
Microsoft Visual Studio Solution File, Format Version 12.00
# Visual Studio Version 17
VisualStudioVersion = 17.0.32126.317
MinimumVisualStudioVersion = 10.0.40219.1
Project("{2150E333-8FDC-42A3-9474-1A3956D46DE8}") = "MicroServices", "MicroServices", "{21D1998A-19B8-466C-9476-F126FE08B1CD}"
EndProject
Project("{2150E333-8FDC-42A3-9474-1A3956D46DE8}") = "Domain", "Domain", "{BBC9D742-977C-44A2-BFCA-3014A8079BBC}"
EndProject
Project("{2150E333-8FDC-42A3-9474-1A3956D46DE8}") = "Infra.Bus", "Infra.Bus", "{89F60432-9D8B-4E13-B50D-5BB4A020C0E9}"
EndProject
Project("{2150E333-8FDC-42A3-9474-1A3956D46DE8}") = "Infra.IoC", "Infra.IoC", "{0E491AB0-6751-4C52-9BB6-6BFC2A154538}"
EndProject
Project("{2150E333-8FDC-42A3-9474-1A3956D46DE8}") = "Presentation", "Presentation", "{17CF6C60-729C-4556-BC90-6D42A1C8C3A6}"
EndProject
Project("{FAE04EC0-301F-11D3-BF4B-00C04F79EFBC}") = "MicroRabbit.Domain.Core", "MicroRabbit.Domain.Core\MicroRabbit.Domain.Core.csproj", "{134D2D77-0F9C-48B6-A838-3206357AE648}"
EndProject
Project("{FAE04EC0-301F-11D3-BF4B-00C04F79EFBC}") = "MicroRabbit.Infra.Bus", "MicroRabbit.Infra.Bus\MicroRabbit.Infra.Bus.csproj", "{A519A738-7A96-4D8E-991E-E1BD97638F7D}"
EndProject
Project("{FAE04EC0-301F-11D3-BF4B-00C04F79EFBC}") = "MicroRabbit.Infra.IoC", "MicroRabbit.Infra.IoC\MicroRabbit.Infra.IoC.csproj", "{153486BF-F42C-45EF-BCE7-1089063ECA15}"
EndProject
Project("{2150E333-8FDC-42A3-9474-1A3956D46DE8}") = "Banking", "Banking", "{BBD911C1-36B0-40A6-B9D9-117A29ED701C}"
EndProject
Project("{2150E333-8FDC-42A3-9474-1A3956D46DE8}") = "Api", "Api", "{201F7ADD-7C30-4C75-AED7-192530DA737B}"
EndProject
Project("{2150E333-8FDC-42A3-9474-1A3956D46DE8}") = "Domain", "Domain", "{EE9EEE02-CEFD-4B82-AF3D-44879F1084B7}"
EndProject
Project("{2150E333-8FDC-42A3-9474-1A3956D46DE8}") = "Application", "Application", "{7B5E5BDD-4DF7-4811-8E9B-D788B2EC755E}"
EndProject
Project("{2150E333-8FDC-42A3-9474-1A3956D46DE8}") = "Data", "Data", "{93B14C22-178B-474B-A7E9-6111632AB45A}"
EndProject
Project("{FAE04EC0-301F-11D3-BF4B-00C04F79EFBC}") = "MicroRabbit.Banking.Api", "MicroRabbit.Banking.Api\MicroRabbit.Banking.Api.csproj", "{F3A8977A-AF5A-4FC5-9461-843C69595BC6}"
EndProject
Project("{FAE04EC0-301F-11D3-BF4B-00C04F79EFBC}") = "MicroRabbit.Banking.Application", "MicroRabbit.Banking.Application\MicroRabbit.Banking.Application.csproj", "{7BA6E08C-DE5C-4229-B086-5EA8839D0B53}"
EndProject
Project("{FAE04EC0-301F-11D3-BF4B-00C04F79EFBC}") = "MicroRabbit.Banking.Data", "MicroRabbit.Banking.Data\MicroRabbit.Banking.Data.csproj", "{4463B12A-670E-4C28-8F6C-681C7E27C3AC}"
EndProject
Project("{FAE04EC0-301F-11D3-BF4B-00C04F79EFBC}") = "MicroRabbit.Banking.Domain", "MicroRabbit.Banking.Domain\MicroRabbit.Banking.Domain.csproj", "{C3D09D87-7091-466E-BB26-16D5B265E261}"
EndProject
Global
	GlobalSection(SolutionConfigurationPlatforms) = preSolution
		Debug|Any CPU = Debug|Any CPU
		Release|Any CPU = Release|Any CPU
	EndGlobalSection
	GlobalSection(ProjectConfigurationPlatforms) = postSolution
		{134D2D77-0F9C-48B6-A838-3206357AE648}.Debug|Any CPU.ActiveCfg = Debug|Any CPU
		{134D2D77-0F9C-48B6-A838-3206357AE648}.Debug|Any CPU.Build.0 = Debug|Any CPU
		{134D2D77-0F9C-48B6-A838-3206357AE648}.Release|Any CPU.ActiveCfg = Release|Any CPU
		{134D2D77-0F9C-48B6-A838-3206357AE648}.Release|Any CPU.Build.0 = Release|Any CPU
		{A519A738-7A96-4D8E-991E-E1BD97638F7D}.Debug|Any CPU.ActiveCfg = Debug|Any CPU
		{A519A738-7A96-4D8E-991E-E1BD97638F7D}.Debug|Any CPU.Build.0 = Debug|Any CPU
		{A519A738-7A96-4D8E-991E-E1BD97638F7D}.Release|Any CPU.ActiveCfg = Release|Any CPU
		{A519A738-7A96-4D8E-991E-E1BD97638F7D}.Release|Any CPU.Build.0 = Release|Any CPU
		{153486BF-F42C-45EF-BCE7-1089063ECA15}.Debug|Any CPU.ActiveCfg = Debug|Any CPU
		{153486BF-F42C-45EF-BCE7-1089063ECA15}.Debug|Any CPU.Build.0 = Debug|Any CPU
		{153486BF-F42C-45EF-BCE7-1089063ECA15}.Release|Any CPU.ActiveCfg = Release|Any CPU
		{153486BF-F42C-45EF-BCE7-1089063ECA15}.Release|Any CPU.Build.0 = Release|Any CPU
		{F3A8977A-AF5A-4FC5-9461-843C69595BC6}.Debug|Any CPU.ActiveCfg = Debug|Any CPU
		{F3A8977A-AF5A-4FC5-9461-843C69595BC6}.Debug|Any CPU.Build.0 = Debug|Any CPU
		{F3A8977A-AF5A-4FC5-9461-843C69595BC6}.Release|Any CPU.ActiveCfg = Release|Any CPU
		{F3A8977A-AF5A-4FC5-9461-843C69595BC6}.Release|Any CPU.Build.0 = Release|Any CPU
		{7BA6E08C-DE5C-4229-B086-5EA8839D0B53}.Debug|Any CPU.ActiveCfg = Debug|Any CPU
		{7BA6E08C-DE5C-4229-B086-5EA8839D0B53}.Debug|Any CPU.Build.0 = Debug|Any CPU
		{7BA6E08C-DE5C-4229-B086-5EA8839D0B53}.Release|Any CPU.ActiveCfg = Release|Any CPU
		{7BA6E08C-DE5C-4229-B086-5EA8839D0B53}.Release|Any CPU.Build.0 = Release|Any CPU
		{4463B12A-670E-4C28-8F6C-681C7E27C3AC}.Debug|Any CPU.ActiveCfg = Debug|Any CPU
		{4463B12A-670E-4C28-8F6C-681C7E27C3AC}.Debug|Any CPU.Build.0 = Debug|Any CPU
		{4463B12A-670E-4C28-8F6C-681C7E27C3AC}.Release|Any CPU.ActiveCfg = Release|Any CPU
		{4463B12A-670E-4C28-8F6C-681C7E27C3AC}.Release|Any CPU.Build.0 = Release|Any CPU
		{C3D09D87-7091-466E-BB26-16D5B265E261}.Debug|Any CPU.ActiveCfg = Debug|Any CPU
		{C3D09D87-7091-466E-BB26-16D5B265E261}.Debug|Any CPU.Build.0 = Debug|Any CPU
		{C3D09D87-7091-466E-BB26-16D5B265E261}.Release|Any CPU.ActiveCfg = Release|Any CPU
		{C3D09D87-7091-466E-BB26-16D5B265E261}.Release|Any CPU.Build.0 = Release|Any CPU
	EndGlobalSection
	GlobalSection(SolutionProperties) = preSolution
		HideSolutionNode = FALSE
	EndGlobalSection
	GlobalSection(NestedProjects) = preSolution
		{134D2D77-0F9C-48B6-A838-3206357AE648} = {BBC9D742-977C-44A2-BFCA-3014A8079BBC}
		{A519A738-7A96-4D8E-991E-E1BD97638F7D} = {89F60432-9D8B-4E13-B50D-5BB4A020C0E9}
		{153486BF-F42C-45EF-BCE7-1089063ECA15} = {0E491AB0-6751-4C52-9BB6-6BFC2A154538}
		{BBD911C1-36B0-40A6-B9D9-117A29ED701C} = {21D1998A-19B8-466C-9476-F126FE08B1CD}
		{201F7ADD-7C30-4C75-AED7-192530DA737B} = {BBD911C1-36B0-40A6-B9D9-117A29ED701C}
		{EE9EEE02-CEFD-4B82-AF3D-44879F1084B7} = {BBD911C1-36B0-40A6-B9D9-117A29ED701C}
		{7B5E5BDD-4DF7-4811-8E9B-D788B2EC755E} = {BBD911C1-36B0-40A6-B9D9-117A29ED701C}
		{93B14C22-178B-474B-A7E9-6111632AB45A} = {BBD911C1-36B0-40A6-B9D9-117A29ED701C}
		{F3A8977A-AF5A-4FC5-9461-843C69595BC6} = {201F7ADD-7C30-4C75-AED7-192530DA737B}
		{7BA6E08C-DE5C-4229-B086-5EA8839D0B53} = {7B5E5BDD-4DF7-4811-8E9B-D788B2EC755E}
		{4463B12A-670E-4C28-8F6C-681C7E27C3AC} = {93B14C22-178B-474B-A7E9-6111632AB45A}
		{C3D09D87-7091-466E-BB26-16D5B265E261} = {EE9EEE02-CEFD-4B82-AF3D-44879F1084B7}
	EndGlobalSection
	GlobalSection(ExtensibilityGlobals) = postSolution
		SolutionGuid = {E126D171-8639-485C-AB9E-3FBA143F1220}
	EndGlobalSection
EndGlobal
