
Microsoft Visual Studio Solution File, Format Version 12.00
# Visual Studio Version 17
VisualStudioVersion = 17.0.32126.317
MinimumVisualStudioVersion = 10.0.40219.1
Project("{2150E333-8FDC-42A3-9474-1A3956D46DE8}") = "MicroServices", "MicroServices", "{21D1998A-19B8-466C-9476-F126FE08B1CD}"
EndProject
Project("{2150E333-8FDC-42A3-9474-1A3956D46DE8}") = "Domain", "Domain", "{BBC9D742-977C-44A2-BFCA-3014A8079BBC}"
EndProject
Project("{2150E333-8FDC-42A3-9474-1A3956D46DE8}") = "Infra.Bus", "Infra.Bus", "{89F60432-9D8B-4E13-B50D-5BB4A020C0E9}"
EndProject
Project("{2150E333-8FDC-42A3-9474-1A3956D46DE8}") = "Infra.IoC", "Infra.IoC", "{0E491AB0-6751-4C52-9BB6-6BFC2A154538}"
EndProject
Project("{2150E333-8FDC-42A3-9474-1A3956D46DE8}") = "Presentation", "Presentation", "{17CF6C60-729C-4556-BC90-6D42A1C8C3A6}"
EndProject
Project("{FAE04EC0-301F-11D3-BF4B-00C04F79EFBC}") = "MicroRabbit.Domain.Core", "MicroRabbit.Domain.Core\MicroRabbit.Domain.Core.csproj", "{134D2D77-0F9C-48B6-A838-3206357AE648}"
EndProject
Project("{FAE04EC0-301F-11D3-BF4B-00C04F79EFBC}") = "MicroRabbit.Infra.Bus", "MicroRabbit.Infra.Bus\MicroRabbit.Infra.Bus.csproj", "{A519A738-7A96-4D8E-991E-E1BD97638F7D}"
EndProject
Global
	GlobalSection(SolutionConfigurationPlatforms) = preSolution
		Debug|Any CPU = Debug|Any CPU
		Release|Any CPU = Release|Any CPU
	EndGlobalSection
	GlobalSection(ProjectConfigurationPlatforms) = postSolution
		{134D2D77-0F9C-48B6-A838-3206357AE648}.Debug|Any CPU.ActiveCfg = Debug|Any CPU
		{134D2D77-0F9C-48B6-A838-3206357AE648}.Debug|Any CPU.Build.0 = Debug|Any CPU
		{134D2D77-0F9C-48B6-A838-3206357AE648}.Release|Any CPU.ActiveCfg = Release|Any CPU
		{134D2D77-0F9C-48B6-A838-3206357AE648}.Release|Any CPU.Build.0 = Release|Any CPU
		{A519A738-7A96-4D8E-991E-E1BD97638F7D}.Debug|Any CPU.ActiveCfg = Debug|Any CPU
		{A519A738-7A96-4D8E-991E-E1BD97638F7D}.Debug|Any CPU.Build.0 = Debug|Any CPU
		{A519A738-7A96-4D8E-991E-E1BD97638F7D}.Release|Any CPU.ActiveCfg = Release|Any CPU
		{A519A738-7A96-4D8E-991E-E1BD97638F7D}.Release|Any CPU.Build.0 = Release|Any CPU
	EndGlobalSection
	GlobalSection(SolutionProperties) = preSolution
		HideSolutionNode = FALSE
	EndGlobalSection
	GlobalSection(NestedProjects) = preSolution
		{134D2D77-0F9C-48B6-A838-3206357AE648} = {BBC9D742-977C-44A2-BFCA-3014A8079BBC}
		{A519A738-7A96-4D8E-991E-E1BD97638F7D} = {89F60432-9D8B-4E13-B50D-5BB4A020C0E9}
	EndGlobalSection
	GlobalSection(ExtensibilityGlobals) = postSolution
		SolutionGuid = {E126D171-8639-485C-AB9E-3FBA143F1220}
	EndGlobalSection
EndGlobal
